// !$*UTF8*$!
{
	archiveVersion = 1;
	classes = {
	};
	objectVersion = 50;
	objects = {

/* Begin PBXBuildFile section */
		4CF1263B2226AF2A00A2F8D4 /* AppDelegate.swift in Sources */ = {isa = PBXBuildFile; fileRef = 4CF1263A2226AF2A00A2F8D4 /* AppDelegate.swift */; };
		4CF1263D2226AF2A00A2F8D4 /* ViewController.swift in Sources */ = {isa = PBXBuildFile; fileRef = 4CF1263C2226AF2A00A2F8D4 /* ViewController.swift */; };
		4CF126402226AF2A00A2F8D4 /* Main.storyboard in Resources */ = {isa = PBXBuildFile; fileRef = 4CF1263E2226AF2A00A2F8D4 /* Main.storyboard */; };
		4CF126422226AF2B00A2F8D4 /* Assets.xcassets in Resources */ = {isa = PBXBuildFile; fileRef = 4CF126412226AF2B00A2F8D4 /* Assets.xcassets */; };
		4CF126452226AF2B00A2F8D4 /* LaunchScreen.storyboard in Resources */ = {isa = PBXBuildFile; fileRef = 4CF126432226AF2B00A2F8D4 /* LaunchScreen.storyboard */; };
		4CF126502226AF2B00A2F8D4 /* TicTacToeTests.swift in Sources */ = {isa = PBXBuildFile; fileRef = 4CF1264F2226AF2B00A2F8D4 /* TicTacToeTests.swift */; };
		4CF1265B2226AF2B00A2F8D4 /* TicTacToeUITests.swift in Sources */ = {isa = PBXBuildFile; fileRef = 4CF1265A2226AF2B00A2F8D4 /* TicTacToeUITests.swift */; };
/* End PBXBuildFile section */

/* Begin PBXContainerItemProxy section */
		4CF1264C2226AF2B00A2F8D4 /* PBXContainerItemProxy */ = {
			isa = PBXContainerItemProxy;
			containerPortal = 4CF1262F2226AF2A00A2F8D4 /* Project object */;
			proxyType = 1;
			remoteGlobalIDString = 4CF126362226AF2A00A2F8D4;
			remoteInfo = TicTacToe;
		};
		4CF126572226AF2B00A2F8D4 /* PBXContainerItemProxy */ = {
			isa = PBXContainerItemProxy;
			containerPortal = 4CF1262F2226AF2A00A2F8D4 /* Project object */;
			proxyType = 1;
			remoteGlobalIDString = 4CF126362226AF2A00A2F8D4;
			remoteInfo = TicTacToe;
		};
/* End PBXContainerItemProxy section */

/* Begin PBXFileReference section */
		4CF126372226AF2A00A2F8D4 /* TicTacToe.app */ = {isa = PBXFileReference; explicitFileType = wrapper.application; includeInIndex = 0; path = TicTacToe.app; sourceTree = BUILT_PRODUCTS_DIR; };
		4CF1263A2226AF2A00A2F8D4 /* AppDelegate.swift */ = {isa = PBXFileReference; lastKnownFileType = sourcecode.swift; path = AppDelegate.swift; sourceTree = "<group>"; };
		4CF1263C2226AF2A00A2F8D4 /* ViewController.swift */ = {isa = PBXFileReference; lastKnownFileType = sourcecode.swift; path = ViewController.swift; sourceTree = "<group>"; };
		4CF1263F2226AF2A00A2F8D4 /* Base */ = {isa = PBXFileReference; lastKnownFileType = file.storyboard; name = Base; path = Base.lproj/Main.storyboard; sourceTree = "<group>"; };
		4CF126412226AF2B00A2F8D4 /* Assets.xcassets */ = {isa = PBXFileReference; lastKnownFileType = folder.assetcatalog; path = Assets.xcassets; sourceTree = "<group>"; };
		4CF126442226AF2B00A2F8D4 /* Base */ = {isa = PBXFileReference; lastKnownFileType = file.storyboard; name = Base; path = Base.lproj/LaunchScreen.storyboard; sourceTree = "<group>"; };
		4CF126462226AF2B00A2F8D4 /* Info.plist */ = {isa = PBXFileReference; lastKnownFileType = text.plist.xml; path = Info.plist; sourceTree = "<group>"; };
		4CF1264B2226AF2B00A2F8D4 /* TicTacToeTests.xctest */ = {isa = PBXFileReference; explicitFileType = wrapper.cfbundle; includeInIndex = 0; path = TicTacToeTests.xctest; sourceTree = BUILT_PRODUCTS_DIR; };
		4CF1264F2226AF2B00A2F8D4 /* TicTacToeTests.swift */ = {isa = PBXFileReference; lastKnownFileType = sourcecode.swift; path = TicTacToeTests.swift; sourceTree = "<group>"; };
		4CF126512226AF2B00A2F8D4 /* Info.plist */ = {isa = PBXFileReference; lastKnownFileType = text.plist.xml; path = Info.plist; sourceTree = "<group>"; };
		4CF126562226AF2B00A2F8D4 /* TicTacToeUITests.xctest */ = {isa = PBXFileReference; explicitFileType = wrapper.cfbundle; includeInIndex = 0; path = TicTacToeUITests.xctest; sourceTree = BUILT_PRODUCTS_DIR; };
		4CF1265A2226AF2B00A2F8D4 /* TicTacToeUITests.swift */ = {isa = PBXFileReference; lastKnownFileType = sourcecode.swift; path = TicTacToeUITests.swift; sourceTree = "<group>"; };
		4CF1265C2226AF2B00A2F8D4 /* Info.plist */ = {isa = PBXFileReference; lastKnownFileType = text.plist.xml; path = Info.plist; sourceTree = "<group>"; };
/* End PBXFileReference section */

/* Begin PBXFrameworksBuildPhase section */
		4CF126342226AF2A00A2F8D4 /* Frameworks */ = {
			isa = PBXFrameworksBuildPhase;
			buildActionMask = 2147483647;
			files = (
			);
			runOnlyForDeploymentPostprocessing = 0;
		};
		4CF126482226AF2B00A2F8D4 /* Frameworks */ = {
			isa = PBXFrameworksBuildPhase;
			buildActionMask = 2147483647;
			files = (
			);
			runOnlyForDeploymentPostprocessing = 0;
		};
		4CF126532226AF2B00A2F8D4 /* Frameworks */ = {
			isa = PBXFrameworksBuildPhase;
			buildActionMask = 2147483647;
			files = (
			);
			runOnlyForDeploymentPostprocessing = 0;
		};
/* End PBXFrameworksBuildPhase section */

/* Begin PBXGroup section */
		4CF1262E2226AF2A00A2F8D4 = {
			isa = PBXGroup;
			children = (
				4CF126392226AF2A00A2F8D4 /* TicTacToe */,
				4CF1264E2226AF2B00A2F8D4 /* TicTacToeTests */,
				4CF126592226AF2B00A2F8D4 /* TicTacToeUITests */,
				4CF126382226AF2A00A2F8D4 /* Products */,
			);
			sourceTree = "<group>";
		};
		4CF126382226AF2A00A2F8D4 /* Products */ = {
			isa = PBXGroup;
			children = (
				4CF126372226AF2A00A2F8D4 /* TicTacToe.app */,
				4CF1264B2226AF2B00A2F8D4 /* TicTacToeTests.xctest */,
				4CF126562226AF2B00A2F8D4 /* TicTacToeUITests.xctest */,
			);
			name = Products;
			sourceTree = "<group>";
		};
		4CF126392226AF2A00A2F8D4 /* TicTacToe */ = {
			isa = PBXGroup;
			children = (
				4CF1263A2226AF2A00A2F8D4 /* AppDelegate.swift */,
				4CF1263C2226AF2A00A2F8D4 /* ViewController.swift */,
				4CF1263E2226AF2A00A2F8D4 /* Main.storyboard */,
				4CF126412226AF2B00A2F8D4 /* Assets.xcassets */,
				4CF126432226AF2B00A2F8D4 /* LaunchScreen.storyboard */,
				4CF126462226AF2B00A2F8D4 /* Info.plist */,
			);
			path = TicTacToe;
			sourceTree = "<group>";
		};
		4CF1264E2226AF2B00A2F8D4 /* TicTacToeTests */ = {
			isa = PBXGroup;
			children = (
				4CF1264F2226AF2B00A2F8D4 /* TicTacToeTests.swift */,
				4CF126512226AF2B00A2F8D4 /* Info.plist */,
			);
			path = TicTacToeTests;
			sourceTree = "<group>";
		};
		4CF126592226AF2B00A2F8D4 /* TicTacToeUITests */ = {
			isa = PBXGroup;
			children = (
				4CF1265A2226AF2B00A2F8D4 /* TicTacToeUITests.swift */,
				4CF1265C2226AF2B00A2F8D4 /* Info.plist */,
			);
			path = TicTacToeUITests;
			sourceTree = "<group>";
		};
/* End PBXGroup section */

/* Begin PBXNativeTarget section */
		4CF126362226AF2A00A2F8D4 /* TicTacToe */ = {
			isa = PBXNativeTarget;
			buildConfigurationList = 4CF1265F2226AF2B00A2F8D4 /* Build configuration list for PBXNativeTarget "TicTacToe" */;
			buildPhases = (
				4CF126332226AF2A00A2F8D4 /* Sources */,
				4CF126342226AF2A00A2F8D4 /* Frameworks */,
				4CF126352226AF2A00A2F8D4 /* Resources */,
			);
			buildRules = (
			);
			dependencies = (
			);
			name = TicTacToe;
			productName = TicTacToe;
			productReference = 4CF126372226AF2A00A2F8D4 /* TicTacToe.app */;
			productType = "com.apple.product-type.application";
		};
		4CF1264A2226AF2B00A2F8D4 /* TicTacToeTests */ = {
			isa = PBXNativeTarget;
			buildConfigurationList = 4CF126622226AF2B00A2F8D4 /* Build configuration list for PBXNativeTarget "TicTacToeTests" */;
			buildPhases = (
				4CF126472226AF2B00A2F8D4 /* Sources */,
				4CF126482226AF2B00A2F8D4 /* Frameworks */,
				4CF126492226AF2B00A2F8D4 /* Resources */,
			);
			buildRules = (
			);
			dependencies = (
				4CF1264D2226AF2B00A2F8D4 /* PBXTargetDependency */,
			);
			name = TicTacToeTests;
			productName = TicTacToeTests;
			productReference = 4CF1264B2226AF2B00A2F8D4 /* TicTacToeTests.xctest */;
			productType = "com.apple.product-type.bundle.unit-test";
		};
		4CF126552226AF2B00A2F8D4 /* TicTacToeUITests */ = {
			isa = PBXNativeTarget;
			buildConfigurationList = 4CF126652226AF2B00A2F8D4 /* Build configuration list for PBXNativeTarget "TicTacToeUITests" */;
			buildPhases = (
				4CF126522226AF2B00A2F8D4 /* Sources */,
				4CF126532226AF2B00A2F8D4 /* Frameworks */,
				4CF126542226AF2B00A2F8D4 /* Resources */,
			);
			buildRules = (
			);
			dependencies = (
				4CF126582226AF2B00A2F8D4 /* PBXTargetDependency */,
			);
			name = TicTacToeUITests;
			productName = TicTacToeUITests;
			productReference = 4CF126562226AF2B00A2F8D4 /* TicTacToeUITests.xctest */;
			productType = "com.apple.product-type.bundle.ui-testing";
		};
/* End PBXNativeTarget section */

/* Begin PBXProject section */
		4CF1262F2226AF2A00A2F8D4 /* Project object */ = {
			isa = PBXProject;
			attributes = {
				LastSwiftUpdateCheck = 1000;
				LastUpgradeCheck = 1000;
				ORGANIZATIONNAME = epita;
				TargetAttributes = {
					4CF126362226AF2A00A2F8D4 = {
						CreatedOnToolsVersion = 10.0;
					};
					4CF1264A2226AF2B00A2F8D4 = {
						CreatedOnToolsVersion = 10.0;
						TestTargetID = 4CF126362226AF2A00A2F8D4;
					};
					4CF126552226AF2B00A2F8D4 = {
						CreatedOnToolsVersion = 10.0;
						TestTargetID = 4CF126362226AF2A00A2F8D4;
					};
				};
			};
			buildConfigurationList = 4CF126322226AF2A00A2F8D4 /* Build configuration list for PBXProject "TicTacToe" */;
			compatibilityVersion = "Xcode 9.3";
			developmentRegion = en;
			hasScannedForEncodings = 0;
			knownRegions = (
				en,
				Base,
			);
			mainGroup = 4CF1262E2226AF2A00A2F8D4;
			productRefGroup = 4CF126382226AF2A00A2F8D4 /* Products */;
			projectDirPath = "";
			projectRoot = "";
			targets = (
				4CF126362226AF2A00A2F8D4 /* TicTacToe */,
				4CF1264A2226AF2B00A2F8D4 /* TicTacToeTests */,
				4CF126552226AF2B00A2F8D4 /* TicTacToeUITests */,
			);
		};
/* End PBXProject section */

/* Begin PBXResourcesBuildPhase section */
		4CF126352226AF2A00A2F8D4 /* Resources */ = {
			isa = PBXResourcesBuildPhase;
			buildActionMask = 2147483647;
			files = (
				4CF126452226AF2B00A2F8D4 /* LaunchScreen.storyboard in Resources */,
				4CF126422226AF2B00A2F8D4 /* Assets.xcassets in Resources */,
				4CF126402226AF2A00A2F8D4 /* Main.storyboard in Resources */,
			);
			runOnlyForDeploymentPostprocessing = 0;
		};
		4CF126492226AF2B00A2F8D4 /* Resources */ = {
			isa = PBXResourcesBuildPhase;
			buildActionMask = 2147483647;
			files = (
			);
			runOnlyForDeploymentPostprocessing = 0;
		};
		4CF126542226AF2B00A2F8D4 /* Resources */ = {
			isa = PBXResourcesBuildPhase;
			buildActionMask = 2147483647;
			files = (
			);
			runOnlyForDeploymentPostprocessing = 0;
		};
/* End PBXResourcesBuildPhase section */

/* Begin PBXSourcesBuildPhase section */
		4CF126332226AF2A00A2F8D4 /* Sources */ = {
			isa = PBXSourcesBuildPhase;
			buildActionMask = 2147483647;
			files = (
				4CF1263D2226AF2A00A2F8D4 /* ViewController.swift in Sources */,
				4CF1263B2226AF2A00A2F8D4 /* AppDelegate.swift in Sources */,
			);
			runOnlyForDeploymentPostprocessing = 0;
		};
		4CF126472226AF2B00A2F8D4 /* Sources */ = {
			isa = PBXSourcesBuildPhase;
			buildActionMask = 2147483647;
			files = (
				4CF126502226AF2B00A2F8D4 /* TicTacToeTests.swift in Sources */,
			);
			runOnlyForDeploymentPostprocessing = 0;
		};
		4CF126522226AF2B00A2F8D4 /* Sources */ = {
			isa = PBXSourcesBuildPhase;
			buildActionMask = 2147483647;
			files = (
				4CF1265B2226AF2B00A2F8D4 /* TicTacToeUITests.swift in Sources */,
			);
			runOnlyForDeploymentPostprocessing = 0;
		};
/* End PBXSourcesBuildPhase section */

/* Begin PBXTargetDependency section */
		4CF1264D2226AF2B00A2F8D4 /* PBXTargetDependency */ = {
			isa = PBXTargetDependency;
			target = 4CF126362226AF2A00A2F8D4 /* TicTacToe */;
			targetProxy = 4CF1264C2226AF2B00A2F8D4 /* PBXContainerItemProxy */;
		};
		4CF126582226AF2B00A2F8D4 /* PBXTargetDependency */ = {
			isa = PBXTargetDependency;
			target = 4CF126362226AF2A00A2F8D4 /* TicTacToe */;
			targetProxy = 4CF126572226AF2B00A2F8D4 /* PBXContainerItemProxy */;
		};
/* End PBXTargetDependency section */

/* Begin PBXVariantGroup section */
		4CF1263E2226AF2A00A2F8D4 /* Main.storyboard */ = {
			isa = PBXVariantGroup;
			children = (
				4CF1263F2226AF2A00A2F8D4 /* Base */,
			);
			name = Main.storyboard;
			sourceTree = "<group>";
		};
		4CF126432226AF2B00A2F8D4 /* LaunchScreen.storyboard */ = {
			isa = PBXVariantGroup;
			children = (
				4CF126442226AF2B00A2F8D4 /* Base */,
			);
			name = LaunchScreen.storyboard;
			sourceTree = "<group>";
		};
/* End PBXVariantGroup section */

/* Begin XCBuildConfiguration section */
		4CF1265D2226AF2B00A2F8D4 /* Debug */ = {
			isa = XCBuildConfiguration;
			buildSettings = {
				ALWAYS_SEARCH_USER_PATHS = NO;
				CLANG_ANALYZER_NONNULL = YES;
				CLANG_ANALYZER_NUMBER_OBJECT_CONVERSION = YES_AGGRESSIVE;
				CLANG_CXX_LANGUAGE_STANDARD = "gnu++14";
				CLANG_CXX_LIBRARY = "libc++";
				CLANG_ENABLE_MODULES = YES;
				CLANG_ENABLE_OBJC_ARC = YES;
				CLANG_ENABLE_OBJC_WEAK = YES;
				CLANG_WARN_BLOCK_CAPTURE_AUTORELEASING = YES;
				CLANG_WARN_BOOL_CONVERSION = YES;
				CLANG_WARN_COMMA = YES;
				CLANG_WARN_CONSTANT_CONVERSION = YES;
				CLANG_WARN_DEPRECATED_OBJC_IMPLEMENTATIONS = YES;
				CLANG_WARN_DIRECT_OBJC_ISA_USAGE = YES_ERROR;
				CLANG_WARN_DOCUMENTATION_COMMENTS = YES;
				CLANG_WARN_EMPTY_BODY = YES;
				CLANG_WARN_ENUM_CONVERSION = YES;
				CLANG_WARN_INFINITE_RECURSION = YES;
				CLANG_WARN_INT_CONVERSION = YES;
				CLANG_WARN_NON_LITERAL_NULL_CONVERSION = YES;
				CLANG_WARN_OBJC_IMPLICIT_RETAIN_SELF = YES;
				CLANG_WARN_OBJC_LITERAL_CONVERSION = YES;
				CLANG_WARN_OBJC_ROOT_CLASS = YES_ERROR;
				CLANG_WARN_RANGE_LOOP_ANALYSIS = YES;
				CLANG_WARN_STRICT_PROTOTYPES = YES;
				CLANG_WARN_SUSPICIOUS_MOVE = YES;
				CLANG_WARN_UNGUARDED_AVAILABILITY = YES_AGGRESSIVE;
				CLANG_WARN_UNREACHABLE_CODE = YES;
				CLANG_WARN__DUPLICATE_METHOD_MATCH = YES;
				CODE_SIGN_IDENTITY = "iPhone Developer";
				COPY_PHASE_STRIP = NO;
				DEBUG_INFORMATION_FORMAT = dwarf;
				ENABLE_STRICT_OBJC_MSGSEND = YES;
				ENABLE_TESTABILITY = YES;
				GCC_C_LANGUAGE_STANDARD = gnu11;
				GCC_DYNAMIC_NO_PIC = NO;
				GCC_NO_COMMON_BLOCKS = YES;
				GCC_OPTIMIZATION_LEVEL = 0;
				GCC_PREPROCESSOR_DEFINITIONS = (
					"DEBUG=1",
					"$(inherited)",
				);
				GCC_WARN_64_TO_32_BIT_CONVERSION = YES;
				GCC_WARN_ABOUT_RETURN_TYPE = YES_ERROR;
				GCC_WARN_UNDECLARED_SELECTOR = YES;
				GCC_WARN_UNINITIALIZED_AUTOS = YES_AGGRESSIVE;
				GCC_WARN_UNUSED_FUNCTION = YES;
				GCC_WARN_UNUSED_VARIABLE = YES;
				IPHONEOS_DEPLOYMENT_TARGET = 12.0;
				MTL_ENABLE_DEBUG_INFO = INCLUDE_SOURCE;
				MTL_FAST_MATH = YES;
				ONLY_ACTIVE_ARCH = YES;
				SDKROOT = iphoneos;
				SWIFT_ACTIVE_COMPILATION_CONDITIONS = DEBUG;
				SWIFT_OPTIMIZATION_LEVEL = "-Onone";
			};
			name = Debug;
		};
		4CF1265E2226AF2B00A2F8D4 /* Release */ = {
			isa = XCBuildConfiguration;
			buildSettings = {
				ALWAYS_SEARCH_USER_PATHS = NO;
				CLANG_ANALYZER_NONNULL = YES;
				CLANG_ANALYZER_NUMBER_OBJECT_CONVERSION = YES_AGGRESSIVE;
				CLANG_CXX_LANGUAGE_STANDARD = "gnu++14";
				CLANG_CXX_LIBRARY = "libc++";
				CLANG_ENABLE_MODULES = YES;
				CLANG_ENABLE_OBJC_ARC = YES;
				CLANG_ENABLE_OBJC_WEAK = YES;
				CLANG_WARN_BLOCK_CAPTURE_AUTORELEASING = YES;
				CLANG_WARN_BOOL_CONVERSION = YES;
				CLANG_WARN_COMMA = YES;
				CLANG_WARN_CONSTANT_CONVERSION = YES;
				CLANG_WARN_DEPRECATED_OBJC_IMPLEMENTATIONS = YES;
				CLANG_WARN_DIRECT_OBJC_ISA_USAGE = YES_ERROR;
				CLANG_WARN_DOCUMENTATION_COMMENTS = YES;
				CLANG_WARN_EMPTY_BODY = YES;
				CLANG_WARN_ENUM_CONVERSION = YES;
				CLANG_WARN_INFINITE_RECURSION = YES;
				CLANG_WARN_INT_CONVERSION = YES;
				CLANG_WARN_NON_LITERAL_NULL_CONVERSION = YES;
				CLANG_WARN_OBJC_IMPLICIT_RETAIN_SELF = YES;
				CLANG_WARN_OBJC_LITERAL_CONVERSION = YES;
				CLANG_WARN_OBJC_ROOT_CLASS = YES_ERROR;
				CLANG_WARN_RANGE_LOOP_ANALYSIS = YES;
				CLANG_WARN_STRICT_PROTOTYPES = YES;
				CLANG_WARN_SUSPICIOUS_MOVE = YES;
				CLANG_WARN_UNGUARDED_AVAILABILITY = YES_AGGRESSIVE;
				CLANG_WARN_UNREACHABLE_CODE = YES;
				CLANG_WARN__DUPLICATE_METHOD_MATCH = YES;
				CODE_SIGN_IDENTITY = "iPhone Developer";
				COPY_PHASE_STRIP = NO;
				DEBUG_INFORMATION_FORMAT = "dwarf-with-dsym";
				ENABLE_NS_ASSERTIONS = NO;
				ENABLE_STRICT_OBJC_MSGSEND = YES;
				GCC_C_LANGUAGE_STANDARD = gnu11;
				GCC_NO_COMMON_BLOCKS = YES;
				GCC_WARN_64_TO_32_BIT_CONVERSION = YES;
				GCC_WARN_ABOUT_RETURN_TYPE = YES_ERROR;
				GCC_WARN_UNDECLARED_SELECTOR = YES;
				GCC_WARN_UNINITIALIZED_AUTOS = YES_AGGRESSIVE;
				GCC_WARN_UNUSED_FUNCTION = YES;
				GCC_WARN_UNUSED_VARIABLE = YES;
				IPHONEOS_DEPLOYMENT_TARGET = 12.0;
				MTL_ENABLE_DEBUG_INFO = NO;
				MTL_FAST_MATH = YES;
				SDKROOT = iphoneos;
				SWIFT_COMPILATION_MODE = wholemodule;
				SWIFT_OPTIMIZATION_LEVEL = "-O";
				VALIDATE_PRODUCT = YES;
			};
			name = Release;
		};
		4CF126602226AF2B00A2F8D4 /* Debug */ = {
			isa = XCBuildConfiguration;
			buildSettings = {
				ASSETCATALOG_COMPILER_APPICON_NAME = AppIcon;
				CODE_SIGN_STYLE = Automatic;
				INFOPLIST_FILE = TicTacToe/Info.plist;
				LD_RUNPATH_SEARCH_PATHS = (
					"$(inherited)",
					"@executable_path/Frameworks",
				);
				PRODUCT_BUNDLE_IDENTIFIER = epimac.TicTacToe;
				PRODUCT_NAME = "$(TARGET_NAME)";
				SWIFT_VERSION = 4.2;
				TARGETED_DEVICE_FAMILY = "1,2";
			};
			name = Debug;
		};
		4CF126612226AF2B00A2F8D4 /* Release */ = {
			isa = XCBuildConfiguration;
			buildSettings = {
				ASSETCATALOG_COMPILER_APPICON_NAME = AppIcon;
				CODE_SIGN_STYLE = Automatic;
				INFOPLIST_FILE = TicTacToe/Info.plist;
				LD_RUNPATH_SEARCH_PATHS = (
					"$(inherited)",
					"@executable_path/Frameworks",
				);
				PRODUCT_BUNDLE_IDENTIFIER = epimac.TicTacToe;
				PRODUCT_NAME = "$(TARGET_NAME)";
				SWIFT_VERSION = 4.2;
				TARGETED_DEVICE_FAMILY = "1,2";
			};
			name = Release;
		};
		4CF126632226AF2B00A2F8D4 /* Debug */ = {
			isa = XCBuildConfiguration;
			buildSettings = {
				ALWAYS_EMBED_SWIFT_STANDARD_LIBRARIES = YES;
				BUNDLE_LOADER = "$(TEST_HOST)";
				CODE_SIGN_STYLE = Automatic;
				INFOPLIST_FILE = TicTacToeTests/Info.plist;
				LD_RUNPATH_SEARCH_PATHS = (
					"$(inherited)",
					"@executable_path/Frameworks",
					"@loader_path/Frameworks",
				);
				PRODUCT_BUNDLE_IDENTIFIER = epimac.TicTacToeTests;
				PRODUCT_NAME = "$(TARGET_NAME)";
				SWIFT_VERSION = 4.2;
				TARGETED_DEVICE_FAMILY = "1,2";
				TEST_HOST = "$(BUILT_PRODUCTS_DIR)/TicTacToe.app/TicTacToe";
			};
			name = Debug;
		};
		4CF126642226AF2B00A2F8D4 /* Release */ = {
			isa = XCBuildConfiguration;
			buildSettings = {
				ALWAYS_EMBED_SWIFT_STANDARD_LIBRARIES = YES;
				BUNDLE_LOADER = "$(TEST_HOST)";
				CODE_SIGN_STYLE = Automatic;
				INFOPLIST_FILE = TicTacToeTests/Info.plist;
				LD_RUNPATH_SEARCH_PATHS = (
					"$(inherited)",
					"@executable_path/Frameworks",
					"@loader_path/Frameworks",
				);
				PRODUCT_BUNDLE_IDENTIFIER = epimac.TicTacToeTests;
				PRODUCT_NAME = "$(TARGET_NAME)";
				SWIFT_VERSION = 4.2;
				TARGETED_DEVICE_FAMILY = "1,2";
				TEST_HOST = "$(BUILT_PRODUCTS_DIR)/TicTacToe.app/TicTacToe";
			};
			name = Release;
		};
		4CF126662226AF2B00A2F8D4 /* Debug */ = {
			isa = XCBuildConfiguration;
			buildSettings = {
				ALWAYS_EMBED_SWIFT_STANDARD_LIBRARIES = YES;
				CODE_SIGN_STYLE = Automatic;
				INFOPLIST_FILE = TicTacToeUITests/Info.plist;
				LD_RUNPATH_SEARCH_PATHS = (
					"$(inherited)",
					"@executable_path/Frameworks",
					"@loader_path/Frameworks",
				);
				PRODUCT_BUNDLE_IDENTIFIER = epimac.TicTacToeUITests;
				PRODUCT_NAME = "$(TARGET_NAME)";
				SWIFT_VERSION = 4.2;
				TARGETED_DEVICE_FAMILY = "1,2";
				TEST_TARGET_NAME = TicTacToe;
			};
			name = Debug;
		};
		4CF126672226AF2B00A2F8D4 /* Release */ = {
			isa = XCBuildConfiguration;
			buildSettings = {
				ALWAYS_EMBED_SWIFT_STANDARD_LIBRARIES = YES;
				CODE_SIGN_STYLE = Automatic;
				INFOPLIST_FILE = TicTacToeUITests/Info.plist;
				LD_RUNPATH_SEARCH_PATHS = (
					"$(inherited)",
					"@executable_path/Frameworks",
					"@loader_path/Frameworks",
				);
				PRODUCT_BUNDLE_IDENTIFIER = epimac.TicTacToeUITests;
				PRODUCT_NAME = "$(TARGET_NAME)";
				SWIFT_VERSION = 4.2;
				TARGETED_DEVICE_FAMILY = "1,2";
				TEST_TARGET_NAME = TicTacToe;
			};
			name = Release;
		};
/* End XCBuildConfiguration section */

/* Begin XCConfigurationList section */
		4CF126322226AF2A00A2F8D4 /* Build configuration list for PBXProject "TicTacToe" */ = {
			isa = XCConfigurationList;
			buildConfigurations = (
				4CF1265D2226AF2B00A2F8D4 /* Debug */,
				4CF1265E2226AF2B00A2F8D4 /* Release */,
			);
			defaultConfigurationIsVisible = 0;
			defaultConfigurationName = Release;
		};
		4CF1265F2226AF2B00A2F8D4 /* Build configuration list for PBXNativeTarget "TicTacToe" */ = {
			isa = XCConfigurationList;
			buildConfigurations = (
				4CF126602226AF2B00A2F8D4 /* Debug */,
				4CF126612226AF2B00A2F8D4 /* Release */,
			);
			defaultConfigurationIsVisible = 0;
			defaultConfigurationName = Release;
		};
		4CF126622226AF2B00A2F8D4 /* Build configuration list for PBXNativeTarget "TicTacToeTests" */ = {
			isa = XCConfigurationList;
			buildConfigurations = (
				4CF126632226AF2B00A2F8D4 /* Debug */,
				4CF126642226AF2B00A2F8D4 /* Release */,
			);
			defaultConfigurationIsVisible = 0;
			defaultConfigurationName = Release;
		};
		4CF126652226AF2B00A2F8D4 /* Build configuration list for PBXNativeTarget "TicTacToeUITests" */ = {
			isa = XCConfigurationList;
			buildConfigurations = (
				4CF126662226AF2B00A2F8D4 /* Debug */,
				4CF126672226AF2B00A2F8D4 /* Release */,
			);
			defaultConfigurationIsVisible = 0;
			defaultConfigurationName = Release;
		};
/* End XCConfigurationList section */
	};
	rootObject = 4CF1262F2226AF2A00A2F8D4 /* Project object */;
}
